
Microsoft Visual Studio Solution File, Format Version 12.00
# Visual Studio Version 16
VisualStudioVersion = 16.0.29806.167
MinimumVisualStudioVersion = 10.0.40219.1
Project("{9A19103F-16F7-4668-BE54-9A1E7A4F7556}") = "SharpDj.Server", "SharpDj.Server\SharpDj.Server.csproj", "{F6635B9A-E478-47DE-B1A2-628046BF3E64}"
EndProject
Project("{9A19103F-16F7-4668-BE54-9A1E7A4F7556}") = "SharpDj.Domain", "SharpDj.Domain\SharpDj.Domain.csproj", "{E63AA9FC-66E5-4E59-BE11-7663AD43D081}"
EndProject
Project("{9A19103F-16F7-4668-BE54-9A1E7A4F7556}") = "SharpDj.Common", "SharpDj.Common\SharpDj.Common.csproj", "{232E22A6-1C9F-49B6-AED0-55F5157F894E}"
EndProject
Project("{9A19103F-16F7-4668-BE54-9A1E7A4F7556}") = "SharpDj.Infrastructure", "SharpDj.Infrastructure\SharpDj.Infrastructure.csproj", "{6F900676-EF88-45DD-A057-3B6D452ECFE7}"
EndProject
Project("{9A19103F-16F7-4668-BE54-9A1E7A4F7556}") = "SCPackets", "..\SCPackets\SCPackets\SCPackets.csproj", "{4AD63E57-4AEC-4741-B88E-6DB1E71A2248}"
EndProject
Project("{E53339B2-1760-4266-BCC7-CA923CBCF16C}") = "docker-compose", "docker-compose.dcproj", "{8084F5F8-AA27-4BD7-9B26-C576BB00E593}"
EndProject
Global
	GlobalSection(SolutionConfigurationPlatforms) = preSolution
		Debug|Any CPU = Debug|Any CPU
		Release|Any CPU = Release|Any CPU
	EndGlobalSection
	GlobalSection(ProjectConfigurationPlatforms) = postSolution
		{F6635B9A-E478-47DE-B1A2-628046BF3E64}.Debug|Any CPU.ActiveCfg = Debug|Any CPU
		{F6635B9A-E478-47DE-B1A2-628046BF3E64}.Debug|Any CPU.Build.0 = Debug|Any CPU
		{F6635B9A-E478-47DE-B1A2-628046BF3E64}.Release|Any CPU.ActiveCfg = Release|Any CPU
		{F6635B9A-E478-47DE-B1A2-628046BF3E64}.Release|Any CPU.Build.0 = Release|Any CPU
		{E63AA9FC-66E5-4E59-BE11-7663AD43D081}.Debug|Any CPU.ActiveCfg = Debug|Any CPU
		{E63AA9FC-66E5-4E59-BE11-7663AD43D081}.Debug|Any CPU.Build.0 = Debug|Any CPU
		{E63AA9FC-66E5-4E59-BE11-7663AD43D081}.Release|Any CPU.ActiveCfg = Release|Any CPU
		{E63AA9FC-66E5-4E59-BE11-7663AD43D081}.Release|Any CPU.Build.0 = Release|Any CPU
		{232E22A6-1C9F-49B6-AED0-55F5157F894E}.Debug|Any CPU.ActiveCfg = Debug|Any CPU
		{232E22A6-1C9F-49B6-AED0-55F5157F894E}.Debug|Any CPU.Build.0 = Debug|Any CPU
		{232E22A6-1C9F-49B6-AED0-55F5157F894E}.Release|Any CPU.ActiveCfg = Release|Any CPU
		{232E22A6-1C9F-49B6-AED0-55F5157F894E}.Release|Any CPU.Build.0 = Release|Any CPU
		{6F900676-EF88-45DD-A057-3B6D452ECFE7}.Debug|Any CPU.ActiveCfg = Debug|Any CPU
		{6F900676-EF88-45DD-A057-3B6D452ECFE7}.Debug|Any CPU.Build.0 = Debug|Any CPU
		{6F900676-EF88-45DD-A057-3B6D452ECFE7}.Release|Any CPU.ActiveCfg = Release|Any CPU
		{6F900676-EF88-45DD-A057-3B6D452ECFE7}.Release|Any CPU.Build.0 = Release|Any CPU
		{4AD63E57-4AEC-4741-B88E-6DB1E71A2248}.Debug|Any CPU.ActiveCfg = Debug|Any CPU
		{4AD63E57-4AEC-4741-B88E-6DB1E71A2248}.Debug|Any CPU.Build.0 = Debug|Any CPU
		{4AD63E57-4AEC-4741-B88E-6DB1E71A2248}.Release|Any CPU.ActiveCfg = Release|Any CPU
		{4AD63E57-4AEC-4741-B88E-6DB1E71A2248}.Release|Any CPU.Build.0 = Release|Any CPU
		{8084F5F8-AA27-4BD7-9B26-C576BB00E593}.Debug|Any CPU.ActiveCfg = Debug|Any CPU
		{8084F5F8-AA27-4BD7-9B26-C576BB00E593}.Debug|Any CPU.Build.0 = Debug|Any CPU
		{8084F5F8-AA27-4BD7-9B26-C576BB00E593}.Release|Any CPU.ActiveCfg = Release|Any CPU
		{8084F5F8-AA27-4BD7-9B26-C576BB00E593}.Release|Any CPU.Build.0 = Release|Any CPU
	EndGlobalSection
	GlobalSection(SolutionProperties) = preSolution
		HideSolutionNode = FALSE
	EndGlobalSection
	GlobalSection(ExtensibilityGlobals) = postSolution
		SolutionGuid = {25F5BDE2-1CF9-45E3-B52C-E593203DEC57}
	EndGlobalSection
EndGlobal
